
Microsoft Visual Studio Solution File, Format Version 12.00
# Visual Studio Version 17
VisualStudioVersion = 17.14.36915.13
MinimumVisualStudioVersion = 10.0.40219.1
Project("{FAE04EC0-301F-11D3-BF4B-00C04F79EFBC}") = "Global Logistics Management System", "Global Logistics Management System.csproj", "{F30C86A4-AD89-45DA-BEA1-08D066E06915}"
EndProject
Project("{FAE04EC0-301F-11D3-BF4B-00C04F79EFBC}") = "Global_Logistics_Management_System.Tests", "..\Global_Logistics_Management_System.Tests\Global_Logistics_Management_System.Tests.csproj", "{A20A87AE-CDC7-4A7B-839F-FD6B8E6E4ED6}"
EndProject
Project("{FAE04EC0-301F-11D3-BF4B-00C04F79EFBC}") = "Global Logistics Management System API", "..\Global Logistics Management System API\Global Logistics Management System API.csproj", "{F4E97514-B858-42FF-856F-D14C0E00AFC9}"
EndProject
Project("{2150E333-8FDC-42A3-9474-1A3956D46DE8}") = "Solution Items", "Solution Items", "{8EC462FD-D22E-90A8-E5CE-7E832BA40C5D}"
EndProject
Global
	GlobalSection(SolutionConfigurationPlatforms) = preSolution
		Debug|Any CPU = Debug|Any CPU
		Release|Any CPU = Release|Any CPU
	EndGlobalSection
	GlobalSection(ProjectConfigurationPlatforms) = postSolution
		{F30C86A4-AD89-45DA-BEA1-08D066E06915}.Debug|Any CPU.ActiveCfg = Debug|Any CPU
		{F30C86A4-AD89-45DA-BEA1-08D066E06915}.Debug|Any CPU.Build.0 = Debug|Any CPU
		{F30C86A4-AD89-45DA-BEA1-08D066E06915}.Release|Any CPU.ActiveCfg = Release|Any CPU
		{F30C86A4-AD89-45DA-BEA1-08D066E06915}.Release|Any CPU.Build.0 = Release|Any CPU
		{A20A87AE-CDC7-4A7B-839F-FD6B8E6E4ED6}.Debug|Any CPU.ActiveCfg = Debug|Any CPU
		{A20A87AE-CDC7-4A7B-839F-FD6B8E6E4ED6}.Debug|Any CPU.Build.0 = Debug|Any CPU
		{A20A87AE-CDC7-4A7B-839F-FD6B8E6E4ED6}.Release|Any CPU.ActiveCfg = Release|Any CPU
		{A20A87AE-CDC7-4A7B-839F-FD6B8E6E4ED6}.Release|Any CPU.Build.0 = Release|Any CPU
		{F4E97514-B858-42FF-856F-D14C0E00AFC9}.Debug|Any CPU.ActiveCfg = Debug|Any CPU
		{F4E97514-B858-42FF-856F-D14C0E00AFC9}.Debug|Any CPU.Build.0 = Debug|Any CPU
		{F4E97514-B858-42FF-856F-D14C0E00AFC9}.Release|Any CPU.ActiveCfg = Release|Any CPU
		{F4E97514-B858-42FF-856F-D14C0E00AFC9}.Release|Any CPU.Build.0 = Release|Any CPU
	EndGlobalSection
	GlobalSection(SolutionProperties) = preSolution
		HideSolutionNode = FALSE
	EndGlobalSection
	GlobalSection(ExtensibilityGlobals) = postSolution
		SolutionGuid = {22BD898A-1A92-475D-8BE0-F60D7455729E}
	EndGlobalSection
EndGlobal
